{
    "_meta": {
        "hash": {
            "sha256": "b2e40793c29f39a72bd425c1592da891185bc2cc86fdae2dbc1d7aece3620974"
        },
        "pipfile-spec": 6,
        "requires": {
            "python_version": "3.8"
        },
        "sources": [
            {
                "name": "pypi",
                "url": "https://pypi.org/simple",
                "verify_ssl": true
            }
        ]
    },
    "default": {
        "asgiref": {
            "hashes": [
                "sha256:8036f90603c54e93521e5777b2b9a39ba1bad05773fcf2d208f0299d1df58ce5",
                "sha256:9ca8b952a0a9afa61d30aa6d3d9b570bb3fd6bafcf7ec9e6bed43b936133db1c"
            ],
            "version": "==3.2.7"
        },
        "cx-oracle": {
            "hashes": [
                "sha256:052cfd1b49ca20265893bad543f2d0755ec5d726f1f9b43b091ccb819a2912ca",
                "sha256:10379b49b910b475987f771c43a37f7e94f938d4fa7bd8f88d06e7460a5370ae",
                "sha256:1b519d3435ac1ca8b186e59626351355e24be050b80936a36065cbf5618b9017",
                "sha256:257f03c19271f023d2720b7600f80cee282725670ce790322c312a1de8b92b2f",
                "sha256:2e0da54e948b55e5c75fab14b391d58aa8b9be1eddfd9ec9a8a0e500bc8bfc7e",
                "sha256:377562093d58ac99a7e61e9bea6069581805abd069b1e545dda590a7a19a27fb",
                "sha256:4698ef5e3366c015958e125aecfe153fce000759f926909aefe12c99977a527a",
                "sha256:49d54af4a2ee75ffbee31d6aa012dbdc94f486bdd668ce154d43301ed01cd060",
                "sha256:61724ffcdc0c36722b0271b83081d40e357bd2599ff2e35d6d27429a89525168",
                "sha256:69c47ed08f480dc10abb3056614b9be921bf235a589bc8da4a0e119c2ac9b876",
                "sha256:7d62ef36456b434ad164157a0820454025c0f9a8de2c66375bebca5ec5d63ea2",
                "sha256:94c2acc65f64487daad9c8998d162a82be82b41a093589d1caae6d1d2d64ab71",
                "sha256:966779afd8729223116e443ba7fc00374aef37b3266037d6826b6a7aa1f54af2",
                "sha256:98f37a4e3e5cb9a7ea80cc13d8ba58120b6bcdc5493a25993f2f7c508a8463fb",
                "sha256:9da36fe78eb1a3699ff4fefbdf015fe16d04db2720b5fb6c1d5cf38ed32fc9d8",
                "sha256:d5b9e1a33defac350dc26297a3cca82342e148cfddfc85f951461cf5e7a6c004",
                "sha256:ff2ac56d7f828687cc6589972fa9a4d2823031c6f1b4b934460ae5b5d45d5bfe"
            ],
            "index": "pypi",
            "version": "==7.3.0"
        },
        "django": {
            "hashes": [
                "sha256:642d8eceab321ca743ae71e0f985ff8fdca59f07aab3a9fb362c617d23e33a76",
                "sha256:d4666c2edefa38c5ede0ec1655424c56dc47ceb04b6d8d62a7eac09db89545c1"
            ],
            "index": "pypi",
            "version": "==3.0.5"
        },
        "pytz": {
            "hashes": [
                "sha256:a494d53b6d39c3c6e44c3bec237336e14305e4f29bbf800b599253057fbb79ed",
                "sha256:c35965d010ce31b23eeb663ed3cc8c906275d6be1a34393a1d73a41febf4a048"
            ],
            "version": "==2020.1"
        },
        "sqlparse": {
            "hashes": [
                "sha256:022fb9c87b524d1f7862b3037e541f68597a730a8843245c349fc93e1643dc4e",
                "sha256:e162203737712307dfe78860cc56c8da8a852ab2ee33750e33aeadf38d12c548"
            ],
            "version": "==0.3.1"
        }
    },
    "develop": {
        "autopep8": {
            "hashes": [
                "sha256:152fd8fe47d02082be86e05001ec23d6f420086db56b17fc883f3f965fb34954"
            ],
            "index": "pypi",
            "version": "==1.5.2"
        },
        "pycodestyle": {
            "hashes": [
                "sha256:95a2219d12372f05704562a14ec30bc76b05a5b297b21a5dfe3f6fac3491ae56",
                "sha256:e40a936c9a450ad81df37f549d676d127b1b66000a6c500caa2b085bc0ca976c"
            ],
            "version": "==2.5.0"
        }
    }
}
